
Microsoft Visual Studio Solution File, Format Version 12.00
# Visual Studio Version 16
VisualStudioVersion = 16.0.29424.173
MinimumVisualStudioVersion = 10.0.40219.1
Project("{FAE04EC0-301F-11D3-BF4B-00C04F79EFBC}") = "KFC", "KFC\KFC.csproj", "{DFCD10BE-8549-400C-B27E-F68F31063E6E}"
EndProject
Project("{FAE04EC0-301F-11D3-BF4B-00C04F79EFBC}") = "UnitTestProject1", "UnitTestProject1\UnitTestProject1.csproj", "{DABC4AE0-82C2-47C8-A123-AFDD080AD372}"
EndProject
Global
	GlobalSection(SolutionConfigurationPlatforms) = preSolution
		Debug|Any CPU = Debug|Any CPU
		Release|Any CPU = Release|Any CPU
	EndGlobalSection
	GlobalSection(ProjectConfigurationPlatforms) = postSolution
		{DFCD10BE-8549-400C-B27E-F68F31063E6E}.Debug|Any CPU.ActiveCfg = Debug|Any CPU
		{DFCD10BE-8549-400C-B27E-F68F31063E6E}.Debug|Any CPU.Build.0 = Debug|Any CPU
		{DFCD10BE-8549-400C-B27E-F68F31063E6E}.Release|Any CPU.ActiveCfg = Release|Any CPU
		{DFCD10BE-8549-400C-B27E-F68F31063E6E}.Release|Any CPU.Build.0 = Release|Any CPU
		{DABC4AE0-82C2-47C8-A123-AFDD080AD372}.Debug|Any CPU.ActiveCfg = Debug|Any CPU
		{DABC4AE0-82C2-47C8-A123-AFDD080AD372}.Debug|Any CPU.Build.0 = Debug|Any CPU
		{DABC4AE0-82C2-47C8-A123-AFDD080AD372}.Release|Any CPU.ActiveCfg = Release|Any CPU
		{DABC4AE0-82C2-47C8-A123-AFDD080AD372}.Release|Any CPU.Build.0 = Release|Any CPU
	EndGlobalSection
	GlobalSection(SolutionProperties) = preSolution
		HideSolutionNode = FALSE
	EndGlobalSection
	GlobalSection(ExtensibilityGlobals) = postSolution
		SolutionGuid = {F72D2B05-E343-4E4D-A038-ED056116EBE1}
	EndGlobalSection
EndGlobal
